
Microsoft Visual Studio Solution File, Format Version 12.00
# Visual Studio Version 17
VisualStudioVersion = 17.4.33403.182
MinimumVisualStudioVersion = 10.0.40219.1
Project("{FAE04EC0-301F-11D3-BF4B-00C04F79EFBC}") = "OrganizarFotos", "ConsoleApp1\OrganizarFotos.csproj", "{781BD725-C636-4C13-B72B-9C0DC7C5FEFF}"
EndProject
Global
	GlobalSection(SolutionConfigurationPlatforms) = preSolution
		Debug|Any CPU = Debug|Any CPU
		Release|Any CPU = Release|Any CPU
	EndGlobalSection
	GlobalSection(ProjectConfigurationPlatforms) = postSolution
		{781BD725-C636-4C13-B72B-9C0DC7C5FEFF}.Debug|Any CPU.ActiveCfg = Debug|Any CPU
		{781BD725-C636-4C13-B72B-9C0DC7C5FEFF}.Debug|Any CPU.Build.0 = Debug|Any CPU
		{781BD725-C636-4C13-B72B-9C0DC7C5FEFF}.Release|Any CPU.ActiveCfg = Release|Any CPU
		{781BD725-C636-4C13-B72B-9C0DC7C5FEFF}.Release|Any CPU.Build.0 = Release|Any CPU
	EndGlobalSection
	GlobalSection(SolutionProperties) = preSolution
		HideSolutionNode = FALSE
	EndGlobalSection
	GlobalSection(ExtensibilityGlobals) = postSolution
		SolutionGuid = {8C74439F-FB8C-4DDB-A9DF-85C9DC3BA167}
	EndGlobalSection
EndGlobal
